
Microsoft Visual Studio Solution File, Format Version 12.00
# Visual Studio 2013
VisualStudioVersion = 12.0.31101.0
MinimumVisualStudioVersion = 10.0.40219.1
Project("{8BC9CEB8-8B4A-11D0-8D11-00A0C91BC942}") = "Q183076", "Q183076\Q183076.vcxproj", "{7DC905C5-44B1-4E4A-8E11-EE8F3DB53393}"
EndProject
Project("{8BC9CEB8-8B4A-11D0-8D11-00A0C91BC942}") = "Q183116", "Q183116\Q183116.vcxproj", "{A41E2A08-B9DE-49C4-AA27-4D00CC7DF818}"
EndProject
Project("{8BC9CEB8-8B4A-11D0-8D11-00A0C91BC942}") = "Q183321", "Q183321\Q183321.vcxproj", "{71F49BB8-9BB6-4B2E-8EA2-471D1E0DA1CA}"
EndProject
Project("{FAE04EC0-301F-11D3-BF4B-00C04F79EFBC}") = "Q183988", "Q183988\Q183988.csproj", "{2A0DA925-3294-45A3-AAB7-54BF1E9BB2E3}"
EndProject
Project("{8BC9CEB8-8B4A-11D0-8D11-00A0C91BC942}") = "Q184255", "Q184255\Q184255.vcxproj", "{87643E48-B75A-4AA4-A502-09F9760F0C8E}"
EndProject
Project("{8BC9CEB8-8B4A-11D0-8D11-00A0C91BC942}") = "Q184361", "Q184361\Q184361.vcxproj", "{0D3FBC5E-F484-4149-947C-1EF9FE17354F}"
EndProject
Project("{8BC9CEB8-8B4A-11D0-8D11-00A0C91BC942}") = "Q184384", "Q184384\Q184384.vcxproj", "{A4ED072E-88D8-42AE-BE12-9BF2FE13A05F}"
EndProject
Project("{8BC9CEB8-8B4A-11D0-8D11-00A0C91BC942}") = "Q184436", "Q184436\Q184436.vcxproj", "{24C99C2E-FB2B-4785-99A8-C578F0214950}"
EndProject
Project("{8BC9CEB8-8B4A-11D0-8D11-00A0C91BC942}") = "Q184714", "Q184714\Q184714.vcxproj", "{75ADFB6D-C2E8-45E0-B0CC-0FA6020C8147}"
EndProject
Project("{FAE04EC0-301F-11D3-BF4B-00C04F79EFBC}") = "Q185904", "Q185904\Q185904.csproj", "{2E1A2AA0-F10C-4ED2-9D1C-AB947252E471}"
EndProject
Project("{8BC9CEB8-8B4A-11D0-8D11-00A0C91BC942}") = "Q185912", "Q185912\Q185912.vcxproj", "{8B2B5667-ECDA-4666-B5FA-A6202EFBC2E2}"
EndProject
Project("{8BC9CEB8-8B4A-11D0-8D11-00A0C91BC942}") = "Q185992", "Q185992\Q185992.vcxproj", "{FAD5A028-AD7B-4974-A3A2-5E10A50706E6}"
EndProject
Project("{8BC9CEB8-8B4A-11D0-8D11-00A0C91BC942}") = "Q185996", "Q185996\Q185996.vcxproj", "{F958B2F2-5200-485B-960E-A828C402B794}"
EndProject
Project("{FAE04EC0-301F-11D3-BF4B-00C04F79EFBC}") = "Q185928", "Q185928\Q185928.csproj", "{043863C2-9F1A-4BE8-89A2-74A70E79CE21}"
EndProject
Project("{8BC9CEB8-8B4A-11D0-8D11-00A0C91BC942}") = "Q185819", "Q185819\Q185819.vcxproj", "{C8C1716E-F5A4-4C48-9C1C-616319032312}"
EndProject
Project("{8BC9CEB8-8B4A-11D0-8D11-00A0C91BC942}") = "Q185824", "Q185824\Q185824.vcxproj", "{4C248440-7280-477D-9E1C-6FF89A166586}"
EndProject
Project("{2150E333-8FDC-42A3-9474-1A3956D46DE8}") = "201505", "201505", "{4BAB3D45-1134-4F02-973D-B17F5E701500}"
EndProject
Global
	GlobalSection(SolutionConfigurationPlatforms) = preSolution
		Debug|Any CPU = Debug|Any CPU
		Debug|Mixed Platforms = Debug|Mixed Platforms
		Debug|Win32 = Debug|Win32
		Release|Any CPU = Release|Any CPU
		Release|Mixed Platforms = Release|Mixed Platforms
		Release|Win32 = Release|Win32
	EndGlobalSection
	GlobalSection(ProjectConfigurationPlatforms) = postSolution
		{7DC905C5-44B1-4E4A-8E11-EE8F3DB53393}.Debug|Any CPU.ActiveCfg = Debug|Win32
		{7DC905C5-44B1-4E4A-8E11-EE8F3DB53393}.Debug|Mixed Platforms.ActiveCfg = Debug|Win32
		{7DC905C5-44B1-4E4A-8E11-EE8F3DB53393}.Debug|Mixed Platforms.Build.0 = Debug|Win32
		{7DC905C5-44B1-4E4A-8E11-EE8F3DB53393}.Debug|Win32.ActiveCfg = Debug|Win32
		{7DC905C5-44B1-4E4A-8E11-EE8F3DB53393}.Debug|Win32.Build.0 = Debug|Win32
		{7DC905C5-44B1-4E4A-8E11-EE8F3DB53393}.Release|Any CPU.ActiveCfg = Release|Win32
		{7DC905C5-44B1-4E4A-8E11-EE8F3DB53393}.Release|Mixed Platforms.ActiveCfg = Release|Win32
		{7DC905C5-44B1-4E4A-8E11-EE8F3DB53393}.Release|Mixed Platforms.Build.0 = Release|Win32
		{7DC905C5-44B1-4E4A-8E11-EE8F3DB53393}.Release|Win32.ActiveCfg = Release|Win32
		{7DC905C5-44B1-4E4A-8E11-EE8F3DB53393}.Release|Win32.Build.0 = Release|Win32
		{A41E2A08-B9DE-49C4-AA27-4D00CC7DF818}.Debug|Any CPU.ActiveCfg = Debug|Win32
		{A41E2A08-B9DE-49C4-AA27-4D00CC7DF818}.Debug|Mixed Platforms.ActiveCfg = Debug|Win32
		{A41E2A08-B9DE-49C4-AA27-4D00CC7DF818}.Debug|Mixed Platforms.Build.0 = Debug|Win32
		{A41E2A08-B9DE-49C4-AA27-4D00CC7DF818}.Debug|Win32.ActiveCfg = Debug|Win32
		{A41E2A08-B9DE-49C4-AA27-4D00CC7DF818}.Debug|Win32.Build.0 = Debug|Win32
		{A41E2A08-B9DE-49C4-AA27-4D00CC7DF818}.Release|Any CPU.ActiveCfg = Release|Win32
		{A41E2A08-B9DE-49C4-AA27-4D00CC7DF818}.Release|Mixed Platforms.ActiveCfg = Release|Win32
		{A41E2A08-B9DE-49C4-AA27-4D00CC7DF818}.Release|Mixed Platforms.Build.0 = Release|Win32
		{A41E2A08-B9DE-49C4-AA27-4D00CC7DF818}.Release|Win32.ActiveCfg = Release|Win32
		{A41E2A08-B9DE-49C4-AA27-4D00CC7DF818}.Release|Win32.Build.0 = Release|Win32
		{71F49BB8-9BB6-4B2E-8EA2-471D1E0DA1CA}.Debug|Any CPU.ActiveCfg = Debug|Win32
		{71F49BB8-9BB6-4B2E-8EA2-471D1E0DA1CA}.Debug|Mixed Platforms.ActiveCfg = Debug|Win32
		{71F49BB8-9BB6-4B2E-8EA2-471D1E0DA1CA}.Debug|Mixed Platforms.Build.0 = Debug|Win32
		{71F49BB8-9BB6-4B2E-8EA2-471D1E0DA1CA}.Debug|Win32.ActiveCfg = Debug|Win32
		{71F49BB8-9BB6-4B2E-8EA2-471D1E0DA1CA}.Debug|Win32.Build.0 = Debug|Win32
		{71F49BB8-9BB6-4B2E-8EA2-471D1E0DA1CA}.Release|Any CPU.ActiveCfg = Release|Win32
		{71F49BB8-9BB6-4B2E-8EA2-471D1E0DA1CA}.Release|Mixed Platforms.ActiveCfg = Release|Win32
		{71F49BB8-9BB6-4B2E-8EA2-471D1E0DA1CA}.Release|Mixed Platforms.Build.0 = Release|Win32
		{71F49BB8-9BB6-4B2E-8EA2-471D1E0DA1CA}.Release|Win32.ActiveCfg = Release|Win32
		{71F49BB8-9BB6-4B2E-8EA2-471D1E0DA1CA}.Release|Win32.Build.0 = Release|Win32
		{2A0DA925-3294-45A3-AAB7-54BF1E9BB2E3}.Debug|Any CPU.ActiveCfg = Debug|Any CPU
		{2A0DA925-3294-45A3-AAB7-54BF1E9BB2E3}.Debug|Any CPU.Build.0 = Debug|Any CPU
		{2A0DA925-3294-45A3-AAB7-54BF1E9BB2E3}.Debug|Mixed Platforms.ActiveCfg = Debug|Any CPU
		{2A0DA925-3294-45A3-AAB7-54BF1E9BB2E3}.Debug|Mixed Platforms.Build.0 = Debug|Any CPU
		{2A0DA925-3294-45A3-AAB7-54BF1E9BB2E3}.Debug|Win32.ActiveCfg = Debug|Any CPU
		{2A0DA925-3294-45A3-AAB7-54BF1E9BB2E3}.Release|Any CPU.ActiveCfg = Release|Any CPU
		{2A0DA925-3294-45A3-AAB7-54BF1E9BB2E3}.Release|Any CPU.Build.0 = Release|Any CPU
		{2A0DA925-3294-45A3-AAB7-54BF1E9BB2E3}.Release|Mixed Platforms.ActiveCfg = Release|Any CPU
		{2A0DA925-3294-45A3-AAB7-54BF1E9BB2E3}.Release|Mixed Platforms.Build.0 = Release|Any CPU
		{2A0DA925-3294-45A3-AAB7-54BF1E9BB2E3}.Release|Win32.ActiveCfg = Release|Any CPU
		{87643E48-B75A-4AA4-A502-09F9760F0C8E}.Debug|Any CPU.ActiveCfg = Debug|Win32
		{87643E48-B75A-4AA4-A502-09F9760F0C8E}.Debug|Mixed Platforms.ActiveCfg = Debug|Win32
		{87643E48-B75A-4AA4-A502-09F9760F0C8E}.Debug|Mixed Platforms.Build.0 = Debug|Win32
		{87643E48-B75A-4AA4-A502-09F9760F0C8E}.Debug|Win32.ActiveCfg = Debug|Win32
		{87643E48-B75A-4AA4-A502-09F9760F0C8E}.Debug|Win32.Build.0 = Debug|Win32
		{87643E48-B75A-4AA4-A502-09F9760F0C8E}.Release|Any CPU.ActiveCfg = Release|Win32
		{87643E48-B75A-4AA4-A502-09F9760F0C8E}.Release|Mixed Platforms.ActiveCfg = Release|Win32
		{87643E48-B75A-4AA4-A502-09F9760F0C8E}.Release|Mixed Platforms.Build.0 = Release|Win32
		{87643E48-B75A-4AA4-A502-09F9760F0C8E}.Release|Win32.ActiveCfg = Release|Win32
		{87643E48-B75A-4AA4-A502-09F9760F0C8E}.Release|Win32.Build.0 = Release|Win32
		{0D3FBC5E-F484-4149-947C-1EF9FE17354F}.Debug|Any CPU.ActiveCfg = Debug|Win32
		{0D3FBC5E-F484-4149-947C-1EF9FE17354F}.Debug|Mixed Platforms.ActiveCfg = Debug|Win32
		{0D3FBC5E-F484-4149-947C-1EF9FE17354F}.Debug|Mixed Platforms.Build.0 = Debug|Win32
		{0D3FBC5E-F484-4149-947C-1EF9FE17354F}.Debug|Win32.ActiveCfg = Debug|Win32
		{0D3FBC5E-F484-4149-947C-1EF9FE17354F}.Debug|Win32.Build.0 = Debug|Win32
		{0D3FBC5E-F484-4149-947C-1EF9FE17354F}.Release|Any CPU.ActiveCfg = Release|Win32
		{0D3FBC5E-F484-4149-947C-1EF9FE17354F}.Release|Mixed Platforms.ActiveCfg = Release|Win32
		{0D3FBC5E-F484-4149-947C-1EF9FE17354F}.Release|Mixed Platforms.Build.0 = Release|Win32
		{0D3FBC5E-F484-4149-947C-1EF9FE17354F}.Release|Win32.ActiveCfg = Release|Win32
		{0D3FBC5E-F484-4149-947C-1EF9FE17354F}.Release|Win32.Build.0 = Release|Win32
		{A4ED072E-88D8-42AE-BE12-9BF2FE13A05F}.Debug|Any CPU.ActiveCfg = Debug|Win32
		{A4ED072E-88D8-42AE-BE12-9BF2FE13A05F}.Debug|Mixed Platforms.ActiveCfg = Debug|Win32
		{A4ED072E-88D8-42AE-BE12-9BF2FE13A05F}.Debug|Mixed Platforms.Build.0 = Debug|Win32
		{A4ED072E-88D8-42AE-BE12-9BF2FE13A05F}.Debug|Win32.ActiveCfg = Debug|Win32
		{A4ED072E-88D8-42AE-BE12-9BF2FE13A05F}.Debug|Win32.Build.0 = Debug|Win32
		{A4ED072E-88D8-42AE-BE12-9BF2FE13A05F}.Release|Any CPU.ActiveCfg = Release|Win32
		{A4ED072E-88D8-42AE-BE12-9BF2FE13A05F}.Release|Mixed Platforms.ActiveCfg = Release|Win32
		{A4ED072E-88D8-42AE-BE12-9BF2FE13A05F}.Release|Mixed Platforms.Build.0 = Release|Win32
		{A4ED072E-88D8-42AE-BE12-9BF2FE13A05F}.Release|Win32.ActiveCfg = Release|Win32
		{A4ED072E-88D8-42AE-BE12-9BF2FE13A05F}.Release|Win32.Build.0 = Release|Win32
		{24C99C2E-FB2B-4785-99A8-C578F0214950}.Debug|Any CPU.ActiveCfg = Debug|Win32
		{24C99C2E-FB2B-4785-99A8-C578F0214950}.Debug|Mixed Platforms.ActiveCfg = Debug|Win32
		{24C99C2E-FB2B-4785-99A8-C578F0214950}.Debug|Mixed Platforms.Build.0 = Debug|Win32
		{24C99C2E-FB2B-4785-99A8-C578F0214950}.Debug|Win32.ActiveCfg = Debug|Win32
		{24C99C2E-FB2B-4785-99A8-C578F0214950}.Debug|Win32.Build.0 = Debug|Win32
		{24C99C2E-FB2B-4785-99A8-C578F0214950}.Release|Any CPU.ActiveCfg = Release|Win32
		{24C99C2E-FB2B-4785-99A8-C578F0214950}.Release|Mixed Platforms.ActiveCfg = Release|Win32
		{24C99C2E-FB2B-4785-99A8-C578F0214950}.Release|Mixed Platforms.Build.0 = Release|Win32
		{24C99C2E-FB2B-4785-99A8-C578F0214950}.Release|Win32.ActiveCfg = Release|Win32
		{24C99C2E-FB2B-4785-99A8-C578F0214950}.Release|Win32.Build.0 = Release|Win32
		{75ADFB6D-C2E8-45E0-B0CC-0FA6020C8147}.Debug|Any CPU.ActiveCfg = Debug|Win32
		{75ADFB6D-C2E8-45E0-B0CC-0FA6020C8147}.Debug|Mixed Platforms.ActiveCfg = Debug|Win32
		{75ADFB6D-C2E8-45E0-B0CC-0FA6020C8147}.Debug|Mixed Platforms.Build.0 = Debug|Win32
		{75ADFB6D-C2E8-45E0-B0CC-0FA6020C8147}.Debug|Win32.ActiveCfg = Debug|Win32
		{75ADFB6D-C2E8-45E0-B0CC-0FA6020C8147}.Debug|Win32.Build.0 = Debug|Win32
		{75ADFB6D-C2E8-45E0-B0CC-0FA6020C8147}.Release|Any CPU.ActiveCfg = Release|Win32
		{75ADFB6D-C2E8-45E0-B0CC-0FA6020C8147}.Release|Mixed Platforms.ActiveCfg = Release|Win32
		{75ADFB6D-C2E8-45E0-B0CC-0FA6020C8147}.Release|Mixed Platforms.Build.0 = Release|Win32
		{75ADFB6D-C2E8-45E0-B0CC-0FA6020C8147}.Release|Win32.ActiveCfg = Release|Win32
		{75ADFB6D-C2E8-45E0-B0CC-0FA6020C8147}.Release|Win32.Build.0 = Release|Win32
		{2E1A2AA0-F10C-4ED2-9D1C-AB947252E471}.Debug|Any CPU.ActiveCfg = Debug|Any CPU
		{2E1A2AA0-F10C-4ED2-9D1C-AB947252E471}.Debug|Any CPU.Build.0 = Debug|Any CPU
		{2E1A2AA0-F10C-4ED2-9D1C-AB947252E471}.Debug|Mixed Platforms.ActiveCfg = Debug|Any CPU
		{2E1A2AA0-F10C-4ED2-9D1C-AB947252E471}.Debug|Mixed Platforms.Build.0 = Debug|Any CPU
		{2E1A2AA0-F10C-4ED2-9D1C-AB947252E471}.Debug|Win32.ActiveCfg = Debug|Any CPU
		{2E1A2AA0-F10C-4ED2-9D1C-AB947252E471}.Release|Any CPU.ActiveCfg = Release|Any CPU
		{2E1A2AA0-F10C-4ED2-9D1C-AB947252E471}.Release|Any CPU.Build.0 = Release|Any CPU
		{2E1A2AA0-F10C-4ED2-9D1C-AB947252E471}.Release|Mixed Platforms.ActiveCfg = Release|Any CPU
		{2E1A2AA0-F10C-4ED2-9D1C-AB947252E471}.Release|Mixed Platforms.Build.0 = Release|Any CPU
		{2E1A2AA0-F10C-4ED2-9D1C-AB947252E471}.Release|Win32.ActiveCfg = Release|Any CPU
		{8B2B5667-ECDA-4666-B5FA-A6202EFBC2E2}.Debug|Any CPU.ActiveCfg = Debug|Win32
		{8B2B5667-ECDA-4666-B5FA-A6202EFBC2E2}.Debug|Mixed Platforms.ActiveCfg = Debug|Win32
		{8B2B5667-ECDA-4666-B5FA-A6202EFBC2E2}.Debug|Mixed Platforms.Build.0 = Debug|Win32
		{8B2B5667-ECDA-4666-B5FA-A6202EFBC2E2}.Debug|Win32.ActiveCfg = Debug|Win32
		{8B2B5667-ECDA-4666-B5FA-A6202EFBC2E2}.Debug|Win32.Build.0 = Debug|Win32
		{8B2B5667-ECDA-4666-B5FA-A6202EFBC2E2}.Release|Any CPU.ActiveCfg = Release|Win32
		{8B2B5667-ECDA-4666-B5FA-A6202EFBC2E2}.Release|Mixed Platforms.ActiveCfg = Release|Win32
		{8B2B5667-ECDA-4666-B5FA-A6202EFBC2E2}.Release|Mixed Platforms.Build.0 = Release|Win32
		{8B2B5667-ECDA-4666-B5FA-A6202EFBC2E2}.Release|Win32.ActiveCfg = Release|Win32
		{8B2B5667-ECDA-4666-B5FA-A6202EFBC2E2}.Release|Win32.Build.0 = Release|Win32
		{FAD5A028-AD7B-4974-A3A2-5E10A50706E6}.Debug|Any CPU.ActiveCfg = Debug|Win32
		{FAD5A028-AD7B-4974-A3A2-5E10A50706E6}.Debug|Mixed Platforms.ActiveCfg = Debug|Win32
		{FAD5A028-AD7B-4974-A3A2-5E10A50706E6}.Debug|Mixed Platforms.Build.0 = Debug|Win32
		{FAD5A028-AD7B-4974-A3A2-5E10A50706E6}.Debug|Win32.ActiveCfg = Debug|Win32
		{FAD5A028-AD7B-4974-A3A2-5E10A50706E6}.Debug|Win32.Build.0 = Debug|Win32
		{FAD5A028-AD7B-4974-A3A2-5E10A50706E6}.Release|Any CPU.ActiveCfg = Release|Win32
		{FAD5A028-AD7B-4974-A3A2-5E10A50706E6}.Release|Mixed Platforms.ActiveCfg = Release|Win32
		{FAD5A028-AD7B-4974-A3A2-5E10A50706E6}.Release|Mixed Platforms.Build.0 = Release|Win32
		{FAD5A028-AD7B-4974-A3A2-5E10A50706E6}.Release|Win32.ActiveCfg = Release|Win32
		{FAD5A028-AD7B-4974-A3A2-5E10A50706E6}.Release|Win32.Build.0 = Release|Win32
		{F958B2F2-5200-485B-960E-A828C402B794}.Debug|Any CPU.ActiveCfg = Debug|Win32
		{F958B2F2-5200-485B-960E-A828C402B794}.Debug|Mixed Platforms.ActiveCfg = Debug|Win32
		{F958B2F2-5200-485B-960E-A828C402B794}.Debug|Mixed Platforms.Build.0 = Debug|Win32
		{F958B2F2-5200-485B-960E-A828C402B794}.Debug|Win32.ActiveCfg = Debug|Win32
		{F958B2F2-5200-485B-960E-A828C402B794}.Debug|Win32.Build.0 = Debug|Win32
		{F958B2F2-5200-485B-960E-A828C402B794}.Release|Any CPU.ActiveCfg = Release|Win32
		{F958B2F2-5200-485B-960E-A828C402B794}.Release|Mixed Platforms.ActiveCfg = Release|Win32
		{F958B2F2-5200-485B-960E-A828C402B794}.Release|Mixed Platforms.Build.0 = Release|Win32
		{F958B2F2-5200-485B-960E-A828C402B794}.Release|Win32.ActiveCfg = Release|Win32
		{F958B2F2-5200-485B-960E-A828C402B794}.Release|Win32.Build.0 = Release|Win32
		{043863C2-9F1A-4BE8-89A2-74A70E79CE21}.Debug|Any CPU.ActiveCfg = Debug|Any CPU
		{043863C2-9F1A-4BE8-89A2-74A70E79CE21}.Debug|Any CPU.Build.0 = Debug|Any CPU
		{043863C2-9F1A-4BE8-89A2-74A70E79CE21}.Debug|Mixed Platforms.ActiveCfg = Debug|Any CPU
		{043863C2-9F1A-4BE8-89A2-74A70E79CE21}.Debug|Mixed Platforms.Build.0 = Debug|Any CPU
		{043863C2-9F1A-4BE8-89A2-74A70E79CE21}.Debug|Win32.ActiveCfg = Debug|Any CPU
		{043863C2-9F1A-4BE8-89A2-74A70E79CE21}.Release|Any CPU.ActiveCfg = Release|Any CPU
		{043863C2-9F1A-4BE8-89A2-74A70E79CE21}.Release|Any CPU.Build.0 = Release|Any CPU
		{043863C2-9F1A-4BE8-89A2-74A70E79CE21}.Release|Mixed Platforms.ActiveCfg = Release|Any CPU
		{043863C2-9F1A-4BE8-89A2-74A70E79CE21}.Release|Mixed Platforms.Build.0 = Release|Any CPU
		{043863C2-9F1A-4BE8-89A2-74A70E79CE21}.Release|Win32.ActiveCfg = Release|Any CPU
		{C8C1716E-F5A4-4C48-9C1C-616319032312}.Debug|Any CPU.ActiveCfg = Debug|Win32
		{C8C1716E-F5A4-4C48-9C1C-616319032312}.Debug|Mixed Platforms.ActiveCfg = Debug|Win32
		{C8C1716E-F5A4-4C48-9C1C-616319032312}.Debug|Mixed Platforms.Build.0 = Debug|Win32
		{C8C1716E-F5A4-4C48-9C1C-616319032312}.Debug|Win32.ActiveCfg = Debug|Win32
		{C8C1716E-F5A4-4C48-9C1C-616319032312}.Debug|Win32.Build.0 = Debug|Win32
		{C8C1716E-F5A4-4C48-9C1C-616319032312}.Release|Any CPU.ActiveCfg = Release|Win32
		{C8C1716E-F5A4-4C48-9C1C-616319032312}.Release|Mixed Platforms.ActiveCfg = Release|Win32
		{C8C1716E-F5A4-4C48-9C1C-616319032312}.Release|Mixed Platforms.Build.0 = Release|Win32
		{C8C1716E-F5A4-4C48-9C1C-616319032312}.Release|Win32.ActiveCfg = Release|Win32
		{C8C1716E-F5A4-4C48-9C1C-616319032312}.Release|Win32.Build.0 = Release|Win32
		{4C248440-7280-477D-9E1C-6FF89A166586}.Debug|Any CPU.ActiveCfg = Debug|Win32
		{4C248440-7280-477D-9E1C-6FF89A166586}.Debug|Mixed Platforms.ActiveCfg = Debug|Win32
		{4C248440-7280-477D-9E1C-6FF89A166586}.Debug|Mixed Platforms.Build.0 = Debug|Win32
		{4C248440-7280-477D-9E1C-6FF89A166586}.Debug|Win32.ActiveCfg = Debug|Win32
		{4C248440-7280-477D-9E1C-6FF89A166586}.Debug|Win32.Build.0 = Debug|Win32
		{4C248440-7280-477D-9E1C-6FF89A166586}.Release|Any CPU.ActiveCfg = Release|Win32
		{4C248440-7280-477D-9E1C-6FF89A166586}.Release|Mixed Platforms.ActiveCfg = Release|Win32
		{4C248440-7280-477D-9E1C-6FF89A166586}.Release|Mixed Platforms.Build.0 = Release|Win32
		{4C248440-7280-477D-9E1C-6FF89A166586}.Release|Win32.ActiveCfg = Release|Win32
		{4C248440-7280-477D-9E1C-6FF89A166586}.Release|Win32.Build.0 = Release|Win32
	EndGlobalSection
	GlobalSection(SolutionProperties) = preSolution
		HideSolutionNode = FALSE
	EndGlobalSection
	GlobalSection(NestedProjects) = preSolution
		{7DC905C5-44B1-4E4A-8E11-EE8F3DB53393} = {4BAB3D45-1134-4F02-973D-B17F5E701500}
		{A41E2A08-B9DE-49C4-AA27-4D00CC7DF818} = {4BAB3D45-1134-4F02-973D-B17F5E701500}
		{71F49BB8-9BB6-4B2E-8EA2-471D1E0DA1CA} = {4BAB3D45-1134-4F02-973D-B17F5E701500}
		{2A0DA925-3294-45A3-AAB7-54BF1E9BB2E3} = {4BAB3D45-1134-4F02-973D-B17F5E701500}
		{87643E48-B75A-4AA4-A502-09F9760F0C8E} = {4BAB3D45-1134-4F02-973D-B17F5E701500}
		{0D3FBC5E-F484-4149-947C-1EF9FE17354F} = {4BAB3D45-1134-4F02-973D-B17F5E701500}
		{A4ED072E-88D8-42AE-BE12-9BF2FE13A05F} = {4BAB3D45-1134-4F02-973D-B17F5E701500}
		{24C99C2E-FB2B-4785-99A8-C578F0214950} = {4BAB3D45-1134-4F02-973D-B17F5E701500}
		{75ADFB6D-C2E8-45E0-B0CC-0FA6020C8147} = {4BAB3D45-1134-4F02-973D-B17F5E701500}
		{2E1A2AA0-F10C-4ED2-9D1C-AB947252E471} = {4BAB3D45-1134-4F02-973D-B17F5E701500}
		{8B2B5667-ECDA-4666-B5FA-A6202EFBC2E2} = {4BAB3D45-1134-4F02-973D-B17F5E701500}
		{FAD5A028-AD7B-4974-A3A2-5E10A50706E6} = {4BAB3D45-1134-4F02-973D-B17F5E701500}
		{F958B2F2-5200-485B-960E-A828C402B794} = {4BAB3D45-1134-4F02-973D-B17F5E701500}
		{043863C2-9F1A-4BE8-89A2-74A70E79CE21} = {4BAB3D45-1134-4F02-973D-B17F5E701500}
		{C8C1716E-F5A4-4C48-9C1C-616319032312} = {4BAB3D45-1134-4F02-973D-B17F5E701500}
		{4C248440-7280-477D-9E1C-6FF89A166586} = {4BAB3D45-1134-4F02-973D-B17F5E701500}
	EndGlobalSection
EndGlobal
